// !$*UTF8*$!
{
	archiveVersion = 1;
	classes = {
	};
	objectVersion = 48;
	objects = {

/* Begin PBXBuildFile section */
		8672CF082021B0FB00E36FDE /* AppDelegate.swift in Sources */ = {isa = PBXBuildFile; fileRef = 8672CF072021B0FB00E36FDE /* AppDelegate.swift */; };
		8672CF0A2021B0FB00E36FDE /* ViewController.swift in Sources */ = {isa = PBXBuildFile; fileRef = 8672CF092021B0FB00E36FDE /* ViewController.swift */; };
		8672CF0D2021B0FB00E36FDE /* Main.storyboard in Resources */ = {isa = PBXBuildFile; fileRef = 8672CF0B2021B0FB00E36FDE /* Main.storyboard */; };
		8672CF0F2021B0FB00E36FDE /* Assets.xcassets in Resources */ = {isa = PBXBuildFile; fileRef = 8672CF0E2021B0FB00E36FDE /* Assets.xcassets */; };
		8672CF122021B0FB00E36FDE /* LaunchScreen.storyboard in Resources */ = {isa = PBXBuildFile; fileRef = 8672CF102021B0FB00E36FDE /* LaunchScreen.storyboard */; };
		8672CF1A2021B11500E36FDE /* TableViewController.swift in Sources */ = {isa = PBXBuildFile; fileRef = 8672CF192021B11500E36FDE /* TableViewController.swift */; };
/* End PBXBuildFile section */

/* Begin PBXFileReference section */
		8672CF042021B0FA00E36FDE /* UnderstandingOpaqueBar.app */ = {isa = PBXFileReference; explicitFileType = wrapper.application; includeInIndex = 0; path = UnderstandingOpaqueBar.app; sourceTree = BUILT_PRODUCTS_DIR; };
		8672CF072021B0FB00E36FDE /* AppDelegate.swift */ = {isa = PBXFileReference; lastKnownFileType = sourcecode.swift; path = AppDelegate.swift; sourceTree = "<group>"; };
		8672CF092021B0FB00E36FDE /* ViewController.swift */ = {isa = PBXFileReference; lastKnownFileType = sourcecode.swift; path = ViewController.swift; sourceTree = "<group>"; };
		8672CF0C2021B0FB00E36FDE /* Base */ = {isa = PBXFileReference; lastKnownFileType = file.storyboard; name = Base; path = Base.lproj/Main.storyboard; sourceTree = "<group>"; };
		8672CF0E2021B0FB00E36FDE /* Assets.xcassets */ = {isa = PBXFileReference; lastKnownFileType = folder.assetcatalog; path = Assets.xcassets; sourceTree = "<group>"; };
		8672CF112021B0FB00E36FDE /* Base */ = {isa = PBXFileReference; lastKnownFileType = file.storyboard; name = Base; path = Base.lproj/LaunchScreen.storyboard; sourceTree = "<group>"; };
		8672CF132021B0FB00E36FDE /* Info.plist */ = {isa = PBXFileReference; lastKnownFileType = text.plist.xml; path = Info.plist; sourceTree = "<group>"; };
		8672CF192021B11500E36FDE /* TableViewController.swift */ = {isa = PBXFileReference; lastKnownFileType = sourcecode.swift; path = TableViewController.swift; sourceTree = "<group>"; };
/* End PBXFileReference section */

/* Begin PBXFrameworksBuildPhase section */
		8672CF012021B0FA00E36FDE /* Frameworks */ = {
			isa = PBXFrameworksBuildPhase;
			buildActionMask = 2147483647;
			files = (
			);
			runOnlyForDeploymentPostprocessing = 0;
		};
/* End PBXFrameworksBuildPhase section */

/* Begin PBXGroup section */
		8672CEFB2021B0FA00E36FDE = {
			isa = PBXGroup;
			children = (
				8672CF062021B0FA00E36FDE /* UnderstandingOpaqueBar */,
				8672CF052021B0FA00E36FDE /* Products */,
			);
			sourceTree = "<group>";
		};
		8672CF052021B0FA00E36FDE /* Products */ = {
			isa = PBXGroup;
			children = (
				8672CF042021B0FA00E36FDE /* UnderstandingOpaqueBar.app */,
			);
			name = Products;
			sourceTree = "<group>";
		};
		8672CF062021B0FA00E36FDE /* UnderstandingOpaqueBar */ = {
			isa = PBXGroup;
			children = (
				8672CF072021B0FB00E36FDE /* AppDelegate.swift */,
				8672CF092021B0FB00E36FDE /* ViewController.swift */,
				8672CF192021B11500E36FDE /* TableViewController.swift */,
				8672CF0B2021B0FB00E36FDE /* Main.storyboard */,
				8672CF0E2021B0FB00E36FDE /* Assets.xcassets */,
				8672CF102021B0FB00E36FDE /* LaunchScreen.storyboard */,
				8672CF132021B0FB00E36FDE /* Info.plist */,
			);
			path = UnderstandingOpaqueBar;
			sourceTree = "<group>";
		};
/* End PBXGroup section */

/* Begin PBXNativeTarget section */
		8672CF032021B0FA00E36FDE /* UnderstandingOpaqueBar */ = {
			isa = PBXNativeTarget;
			buildConfigurationList = 8672CF162021B0FB00E36FDE /* Build configuration list for PBXNativeTarget "UnderstandingOpaqueBar" */;
			buildPhases = (
				8672CF002021B0FA00E36FDE /* Sources */,
				8672CF012021B0FA00E36FDE /* Frameworks */,
				8672CF022021B0FA00E36FDE /* Resources */,
			);
			buildRules = (
			);
			dependencies = (
			);
			name = UnderstandingOpaqueBar;
			productName = UnderstandingOpaqueBar;
			productReference = 8672CF042021B0FA00E36FDE /* UnderstandingOpaqueBar.app */;
			productType = "com.apple.product-type.application";
		};
/* End PBXNativeTarget section */

/* Begin PBXProject section */
		8672CEFC2021B0FA00E36FDE /* Project object */ = {
			isa = PBXProject;
			attributes = {
				LastSwiftUpdateCheck = 0920;
				LastUpgradeCheck = 0920;
				ORGANIZATIONNAME = Hesse;
				TargetAttributes = {
					8672CF032021B0FA00E36FDE = {
						CreatedOnToolsVersion = 9.2;
						ProvisioningStyle = Automatic;
					};
				};
			};
			buildConfigurationList = 8672CEFF2021B0FA00E36FDE /* Build configuration list for PBXProject "UnderstandingOpaqueBar" */;
			compatibilityVersion = "Xcode 8.0";
			developmentRegion = en;
			hasScannedForEncodings = 0;
			knownRegions = (
				en,
				Base,
			);
			mainGroup = 8672CEFB2021B0FA00E36FDE;
			productRefGroup = 8672CF052021B0FA00E36FDE /* Products */;
			projectDirPath = "";
			projectRoot = "";
			targets = (
				8672CF032021B0FA00E36FDE /* UnderstandingOpaqueBar */,
			);
		};
/* End PBXProject section */

/* Begin PBXResourcesBuildPhase section */
		8672CF022021B0FA00E36FDE /* Resources */ = {
			isa = PBXResourcesBuildPhase;
			buildActionMask = 2147483647;
			files = (
				8672CF122021B0FB00E36FDE /* LaunchScreen.storyboard in Resources */,
				8672CF0F2021B0FB00E36FDE /* Assets.xcassets in Resources */,
				8672CF0D2021B0FB00E36FDE /* Main.storyboard in Resources */,
			);
			runOnlyForDeploymentPostprocessing = 0;
		};
/* End PBXResourcesBuildPhase section */

/* Begin PBXSourcesBuildPhase section */
		8672CF002021B0FA00E36FDE /* Sources */ = {
			isa = PBXSourcesBuildPhase;
			buildActionMask = 2147483647;
			files = (
				8672CF0A2021B0FB00E36FDE /* ViewController.swift in Sources */,
				8672CF1A2021B11500E36FDE /* TableViewController.swift in Sources */,
				8672CF082021B0FB00E36FDE /* AppDelegate.swift in Sources */,
			);
			runOnlyForDeploymentPostprocessing = 0;
		};
/* End PBXSourcesBuildPhase section */

/* Begin PBXVariantGroup section */
		8672CF0B2021B0FB00E36FDE /* Main.storyboard */ = {
			isa = PBXVariantGroup;
			children = (
				8672CF0C2021B0FB00E36FDE /* Base */,
			);
			name = Main.storyboard;
			sourceTree = "<group>";
		};
		8672CF102021B0FB00E36FDE /* LaunchScreen.storyboard */ = {
			isa = PBXVariantGroup;
			children = (
				8672CF112021B0FB00E36FDE /* Base */,
			);
			name = LaunchScreen.storyboard;
			sourceTree = "<group>";
		};
/* End PBXVariantGroup section */

/* Begin XCBuildConfiguration section */
		8672CF142021B0FB00E36FDE /* Debug */ = {
			isa = XCBuildConfiguration;
			buildSettings = {
				ALWAYS_SEARCH_USER_PATHS = NO;
				CLANG_ANALYZER_NONNULL = YES;
				CLANG_ANALYZER_NUMBER_OBJECT_CONVERSION = YES_AGGRESSIVE;
				CLANG_CXX_LANGUAGE_STANDARD = "gnu++14";
				CLANG_CXX_LIBRARY = "libc++";
				CLANG_ENABLE_MODULES = YES;
				CLANG_ENABLE_OBJC_ARC = YES;
				CLANG_WARN_BLOCK_CAPTURE_AUTORELEASING = YES;
				CLANG_WARN_BOOL_CONVERSION = YES;
				CLANG_WARN_COMMA = YES;
				CLANG_WARN_CONSTANT_CONVERSION = YES;
				CLANG_WARN_DIRECT_OBJC_ISA_USAGE = YES_ERROR;
				CLANG_WARN_DOCUMENTATION_COMMENTS = YES;
				CLANG_WARN_EMPTY_BODY = YES;
				CLANG_WARN_ENUM_CONVERSION = YES;
				CLANG_WARN_INFINITE_RECURSION = YES;
				CLANG_WARN_INT_CONVERSION = YES;
				CLANG_WARN_NON_LITERAL_NULL_CONVERSION = YES;
				CLANG_WARN_OBJC_LITERAL_CONVERSION = YES;
				CLANG_WARN_OBJC_ROOT_CLASS = YES_ERROR;
				CLANG_WARN_RANGE_LOOP_ANALYSIS = YES;
				CLANG_WARN_STRICT_PROTOTYPES = YES;
				CLANG_WARN_SUSPICIOUS_MOVE = YES;
				CLANG_WARN_UNGUARDED_AVAILABILITY = YES_AGGRESSIVE;
				CLANG_WARN_UNREACHABLE_CODE = YES;
				CLANG_WARN__DUPLICATE_METHOD_MATCH = YES;
				CODE_SIGN_IDENTITY = "iPhone Developer";
				COPY_PHASE_STRIP = NO;
				DEBUG_INFORMATION_FORMAT = dwarf;
				ENABLE_STRICT_OBJC_MSGSEND = YES;
				ENABLE_TESTABILITY = YES;
				GCC_C_LANGUAGE_STANDARD = gnu11;
				GCC_DYNAMIC_NO_PIC = NO;
				GCC_NO_COMMON_BLOCKS = YES;
				GCC_OPTIMIZATION_LEVEL = 0;
				GCC_PREPROCESSOR_DEFINITIONS = (
					"DEBUG=1",
					"$(inherited)",
				);
				GCC_WARN_64_TO_32_BIT_CONVERSION = YES;
				GCC_WARN_ABOUT_RETURN_TYPE = YES_ERROR;
				GCC_WARN_UNDECLARED_SELECTOR = YES;
				GCC_WARN_UNINITIALIZED_AUTOS = YES_AGGRESSIVE;
				GCC_WARN_UNUSED_FUNCTION = YES;
				GCC_WARN_UNUSED_VARIABLE = YES;
				IPHONEOS_DEPLOYMENT_TARGET = 11.2;
				MTL_ENABLE_DEBUG_INFO = YES;
				ONLY_ACTIVE_ARCH = YES;
				SDKROOT = iphoneos;
				SWIFT_ACTIVE_COMPILATION_CONDITIONS = DEBUG;
				SWIFT_OPTIMIZATION_LEVEL = "-Onone";
			};
			name = Debug;
		};
		8672CF152021B0FB00E36FDE /* Release */ = {
			isa = XCBuildConfiguration;
			buildSettings = {
				ALWAYS_SEARCH_USER_PATHS = NO;
				CLANG_ANALYZER_NONNULL = YES;
				CLANG_ANALYZER_NUMBER_OBJECT_CONVERSION = YES_AGGRESSIVE;
				CLANG_CXX_LANGUAGE_STANDARD = "gnu++14";
				CLANG_CXX_LIBRARY = "libc++";
				CLANG_ENABLE_MODULES = YES;
				CLANG_ENABLE_OBJC_ARC = YES;
				CLANG_WARN_BLOCK_CAPTURE_AUTORELEASING = YES;
				CLANG_WARN_BOOL_CONVERSION = YES;
				CLANG_WARN_COMMA = YES;
				CLANG_WARN_CONSTANT_CONVERSION = YES;
				CLANG_WARN_DIRECT_OBJC_ISA_USAGE = YES_ERROR;
				CLANG_WARN_DOCUMENTATION_COMMENTS = YES;
				CLANG_WARN_EMPTY_BODY = YES;
				CLANG_WARN_ENUM_CONVERSION = YES;
				CLANG_WARN_INFINITE_RECURSION = YES;
				CLANG_WARN_INT_CONVERSION = YES;
				CLANG_WARN_NON_LITERAL_NULL_CONVERSION = YES;
				CLANG_WARN_OBJC_LITERAL_CONVERSION = YES;
				CLANG_WARN_OBJC_ROOT_CLASS = YES_ERROR;
				CLANG_WARN_RANGE_LOOP_ANALYSIS = YES;
				CLANG_WARN_STRICT_PROTOTYPES = YES;
				CLANG_WARN_SUSPICIOUS_MOVE = YES;
				CLANG_WARN_UNGUARDED_AVAILABILITY = YES_AGGRESSIVE;
				CLANG_WARN_UNREACHABLE_CODE = YES;
				CLANG_WARN__DUPLICATE_METHOD_MATCH = YES;
				CODE_SIGN_IDENTITY = "iPhone Developer";
				COPY_PHASE_STRIP = NO;
				DEBUG_INFORMATION_FORMAT = "dwarf-with-dsym";
				ENABLE_NS_ASSERTIONS = NO;
				ENABLE_STRICT_OBJC_MSGSEND = YES;
				GCC_C_LANGUAGE_STANDARD = gnu11;
				GCC_NO_COMMON_BLOCKS = YES;
				GCC_WARN_64_TO_32_BIT_CONVERSION = YES;
				GCC_WARN_ABOUT_RETURN_TYPE = YES_ERROR;
				GCC_WARN_UNDECLARED_SELECTOR = YES;
				GCC_WARN_UNINITIALIZED_AUTOS = YES_AGGRESSIVE;
				GCC_WARN_UNUSED_FUNCTION = YES;
				GCC_WARN_UNUSED_VARIABLE = YES;
				IPHONEOS_DEPLOYMENT_TARGET = 11.2;
				MTL_ENABLE_DEBUG_INFO = NO;
				SDKROOT = iphoneos;
				SWIFT_OPTIMIZATION_LEVEL = "-Owholemodule";
				VALIDATE_PRODUCT = YES;
			};
			name = Release;
		};
		8672CF172021B0FB00E36FDE /* Debug */ = {
			isa = XCBuildConfiguration;
			buildSettings = {
				ASSETCATALOG_COMPILER_APPICON_NAME = AppIcon;
				CODE_SIGN_STYLE = Automatic;
				INFOPLIST_FILE = UnderstandingOpaqueBar/Info.plist;
				LD_RUNPATH_SEARCH_PATHS = "$(inherited) @executable_path/Frameworks";
				PRODUCT_BUNDLE_IDENTIFIER = Hesse.UnderstandingOpaqueBar;
				PRODUCT_NAME = "$(TARGET_NAME)";
				SWIFT_VERSION = 4.0;
				TARGETED_DEVICE_FAMILY = "1,2";
			};
			name = Debug;
		};
		8672CF182021B0FB00E36FDE /* Release */ = {
			isa = XCBuildConfiguration;
			buildSettings = {
				ASSETCATALOG_COMPILER_APPICON_NAME = AppIcon;
				CODE_SIGN_STYLE = Automatic;
				INFOPLIST_FILE = UnderstandingOpaqueBar/Info.plist;
				LD_RUNPATH_SEARCH_PATHS = "$(inherited) @executable_path/Frameworks";
				PRODUCT_BUNDLE_IDENTIFIER = Hesse.UnderstandingOpaqueBar;
				PRODUCT_NAME = "$(TARGET_NAME)";
				SWIFT_VERSION = 4.0;
				TARGETED_DEVICE_FAMILY = "1,2";
			};
			name = Release;
		};
/* End XCBuildConfiguration section */

/* Begin XCConfigurationList section */
		8672CEFF2021B0FA00E36FDE /* Build configuration list for PBXProject "UnderstandingOpaqueBar" */ = {
			isa = XCConfigurationList;
			buildConfigurations = (
				8672CF142021B0FB00E36FDE /* Debug */,
				8672CF152021B0FB00E36FDE /* Release */,
			);
			defaultConfigurationIsVisible = 0;
			defaultConfigurationName = Release;
		};
		8672CF162021B0FB00E36FDE /* Build configuration list for PBXNativeTarget "UnderstandingOpaqueBar" */ = {
			isa = XCConfigurationList;
			buildConfigurations = (
				8672CF172021B0FB00E36FDE /* Debug */,
				8672CF182021B0FB00E36FDE /* Release */,
			);
			defaultConfigurationIsVisible = 0;
			defaultConfigurationName = Release;
		};
/* End XCConfigurationList section */
	};
	rootObject = 8672CEFC2021B0FA00E36FDE /* Project object */;
}
